{
  "name": "nodejs-playground",
  "version": "1.0.0",
  "lockfileVersion": 3,
  "requires": true,
  "packages": {
    "": {
      "name": "nodejs-playground",
      "version": "1.0.0",
      "license": "ISC",
      "dependencies": {
        "@rpgx/js": "file:../../packages/drivers/js"
      }
    },
    "../../packages/drivers/js": {
      "version": "0.1.0",
      "license": "MIT"
    },
    "node_modules/@rpgx/js": {
      "resolved": "../../packages/drivers/js",
      "link": true
    }
  }
}
